
Microsoft Visual Studio Solution File, Format Version 12.00
# Visual Studio Version 16
VisualStudioVersion = 16.0.32228.343
MinimumVisualStudioVersion = 10.0.40219.1
Project("{9A19103F-16F7-4668-BE54-9A1E7A4F7556}") = "AssetManagementSystem", "AssetManagementSystem\AssetManagementSystem.csproj", "{3D4A3B0E-ABBC-4079-9141-BCE20D0220AD}"
EndProject
Global
	GlobalSection(SolutionConfigurationPlatforms) = preSolution
		Debug|Any CPU = Debug|Any CPU
		Release|Any CPU = Release|Any CPU
	EndGlobalSection
	GlobalSection(ProjectConfigurationPlatforms) = postSolution
		{3D4A3B0E-ABBC-4079-9141-BCE20D0220AD}.Debug|Any CPU.ActiveCfg = Debug|Any CPU
		{3D4A3B0E-ABBC-4079-9141-BCE20D0220AD}.Debug|Any CPU.Build.0 = Debug|Any CPU
		{3D4A3B0E-ABBC-4079-9141-BCE20D0220AD}.Release|Any CPU.ActiveCfg = Release|Any CPU
		{3D4A3B0E-ABBC-4079-9141-BCE20D0220AD}.Release|Any CPU.Build.0 = Release|Any CPU
	EndGlobalSection
	GlobalSection(SolutionProperties) = preSolution
		HideSolutionNode = FALSE
	EndGlobalSection
	GlobalSection(ExtensibilityGlobals) = postSolution
		SolutionGuid = {E010D008-5AF8-4E67-9F6E-BC944B05A68B}
	EndGlobalSection
EndGlobal
